
Microsoft Visual Studio Solution File, Format Version 12.00
# Visual Studio Version 17
VisualStudioVersion = 17.7.34221.43
MinimumVisualStudioVersion = 10.0.40219.1
Project("{FAE04EC0-301F-11D3-BF4B-00C04F79EFBC}") = "myProgram", "myProgram\myProgram.csproj", "{3B12E966-76C3-497B-BA44-1D93F0432FBE}"
EndProject
Global
	GlobalSection(SolutionConfigurationPlatforms) = preSolution
		Debug|Any CPU = Debug|Any CPU
		Release|Any CPU = Release|Any CPU
	EndGlobalSection
	GlobalSection(ProjectConfigurationPlatforms) = postSolution
		{3B12E966-76C3-497B-BA44-1D93F0432FBE}.Debug|Any CPU.ActiveCfg = Debug|Any CPU
		{3B12E966-76C3-497B-BA44-1D93F0432FBE}.Debug|Any CPU.Build.0 = Debug|Any CPU
		{3B12E966-76C3-497B-BA44-1D93F0432FBE}.Release|Any CPU.ActiveCfg = Release|Any CPU
		{3B12E966-76C3-497B-BA44-1D93F0432FBE}.Release|Any CPU.Build.0 = Release|Any CPU
	EndGlobalSection
	GlobalSection(SolutionProperties) = preSolution
		HideSolutionNode = FALSE
	EndGlobalSection
	GlobalSection(ExtensibilityGlobals) = postSolution
		SolutionGuid = {F19DCA8E-6593-4FBB-BC06-99A9B7CBFA72}
	EndGlobalSection
EndGlobal
